// !$*UTF8*$!
{
	archiveVersion = 1;
	classes = {
	};
	objectVersion = 50;
	objects = {

/* Begin PBXBuildFile section */
		12767F9A271F2BA800A6EE9B /* LaunchScreen.storyboard in Resources */ = {isa = PBXBuildFile; fileRef = 12767F98271F2BA800A6EE9B /* LaunchScreen.storyboard */; };
		12767FA6271F2BF900A6EE9B /* AlarmCreationViewAssembly.swift in Sources */ = {isa = PBXBuildFile; fileRef = 12767FA2271F2BF900A6EE9B /* AlarmCreationViewAssembly.swift */; };
		12767FA7271F2BF900A6EE9B /* AlarmCreationViewPresenter.swift in Sources */ = {isa = PBXBuildFile; fileRef = 12767FA3271F2BF900A6EE9B /* AlarmCreationViewPresenter.swift */; };
		12767FA8271F2BF900A6EE9B /* AlarmCreationViewController.swift in Sources */ = {isa = PBXBuildFile; fileRef = 12767FA4271F2BF900A6EE9B /* AlarmCreationViewController.swift */; };
		12767FA9271F2BF900A6EE9B /* AlarmCreationViewInteractor.swift in Sources */ = {isa = PBXBuildFile; fileRef = 12767FA5271F2BF900A6EE9B /* AlarmCreationViewInteractor.swift */; };
		12767FAF271F2C1E00A6EE9B /* AlarmModificationViewPresenter.swift in Sources */ = {isa = PBXBuildFile; fileRef = 12767FAB271F2C1E00A6EE9B /* AlarmModificationViewPresenter.swift */; };
		12767FB0271F2C1E00A6EE9B /* AlarmModificationViewInteractor.swift in Sources */ = {isa = PBXBuildFile; fileRef = 12767FAC271F2C1E00A6EE9B /* AlarmModificationViewInteractor.swift */; };
		12767FB1271F2C1E00A6EE9B /* AlarmModificationViewController.swift in Sources */ = {isa = PBXBuildFile; fileRef = 12767FAD271F2C1E00A6EE9B /* AlarmModificationViewController.swift */; };
		12767FB2271F2C1E00A6EE9B /* AlarmModificationViewAssembly.swift in Sources */ = {isa = PBXBuildFile; fileRef = 12767FAE271F2C1E00A6EE9B /* AlarmModificationViewAssembly.swift */; };
		12767FD3271F2C3300A6EE9B /* AppDelegate.swift in Sources */ = {isa = PBXBuildFile; fileRef = 12767FB3271F2C3200A6EE9B /* AppDelegate.swift */; };
		12767FD4271F2C3300A6EE9B /* UIView_Pin.swift in Sources */ = {isa = PBXBuildFile; fileRef = 12767FB4271F2C3200A6EE9B /* UIView_Pin.swift */; };
		12767FD5271F2C3300A6EE9B /* CollectionViewAssembly.swift in Sources */ = {isa = PBXBuildFile; fileRef = 12767FB6271F2C3200A6EE9B /* CollectionViewAssembly.swift */; };
		12767FD6271F2C3300A6EE9B /* CollectionViewRouter.swift in Sources */ = {isa = PBXBuildFile; fileRef = 12767FB7271F2C3200A6EE9B /* CollectionViewRouter.swift */; };
		12767FD7271F2C3300A6EE9B /* CollectionViewInteractor.swift in Sources */ = {isa = PBXBuildFile; fileRef = 12767FB8271F2C3200A6EE9B /* CollectionViewInteractor.swift */; };
		12767FD8271F2C3300A6EE9B /* CollectionViewPresenter.swift in Sources */ = {isa = PBXBuildFile; fileRef = 12767FB9271F2C3200A6EE9B /* CollectionViewPresenter.swift */; };
		12767FD9271F2C3300A6EE9B /* CollectionViewController.swift in Sources */ = {isa = PBXBuildFile; fileRef = 12767FBA271F2C3200A6EE9B /* CollectionViewController.swift */; };
		12767FDA271F2C3300A6EE9B /* Assets.xcassets in Resources */ = {isa = PBXBuildFile; fileRef = 12767FBB271F2C3200A6EE9B /* Assets.xcassets */; };
		12767FDB271F2C3300A6EE9B /* AlarmModel.swift in Sources */ = {isa = PBXBuildFile; fileRef = 12767FBD271F2C3300A6EE9B /* AlarmModel.swift */; };
		12767FDC271F2C3300A6EE9B /* AlarmsContainer.swift in Sources */ = {isa = PBXBuildFile; fileRef = 12767FBE271F2C3300A6EE9B /* AlarmsContainer.swift */; };
		12767FDD271F2C3300A6EE9B /* EyeCell.swift in Sources */ = {isa = PBXBuildFile; fileRef = 12767FC0271F2C3300A6EE9B /* EyeCell.swift */; };
		12767FDE271F2C3300A6EE9B /* AlarmCollectionViewCell.swift in Sources */ = {isa = PBXBuildFile; fileRef = 12767FC1271F2C3300A6EE9B /* AlarmCollectionViewCell.swift */; };
		12767FDF271F2C3300A6EE9B /* AlarmView.swift in Sources */ = {isa = PBXBuildFile; fileRef = 12767FC2271F2C3300A6EE9B /* AlarmView.swift */; };
		12767FE0271F2C3300A6EE9B /* NotificationView.swift in Sources */ = {isa = PBXBuildFile; fileRef = 12767FC3271F2C3300A6EE9B /* NotificationView.swift */; };
		12767FE1271F2C3300A6EE9B /* AlarmViewCell.swift in Sources */ = {isa = PBXBuildFile; fileRef = 12767FC4271F2C3300A6EE9B /* AlarmViewCell.swift */; };
		12767FE2271F2C3300A6EE9B /* UIExtensions.swift in Sources */ = {isa = PBXBuildFile; fileRef = 12767FC5271F2C3300A6EE9B /* UIExtensions.swift */; };
		12767FE3271F2C3300A6EE9B /* StackViewAssembly.swift in Sources */ = {isa = PBXBuildFile; fileRef = 12767FC7271F2C3300A6EE9B /* StackViewAssembly.swift */; };
		12767FE4271F2C3300A6EE9B /* StackViewPresenter.swift in Sources */ = {isa = PBXBuildFile; fileRef = 12767FC8271F2C3300A6EE9B /* StackViewPresenter.swift */; };
		12767FE5271F2C3300A6EE9B /* StackViewRouter.swift in Sources */ = {isa = PBXBuildFile; fileRef = 12767FC9271F2C3300A6EE9B /* StackViewRouter.swift */; };
		12767FE6271F2C3300A6EE9B /* StackViewController.swift in Sources */ = {isa = PBXBuildFile; fileRef = 12767FCA271F2C3300A6EE9B /* StackViewController.swift */; };
		12767FE7271F2C3300A6EE9B /* StackViewInteractor.swift in Sources */ = {isa = PBXBuildFile; fileRef = 12767FCB271F2C3300A6EE9B /* StackViewInteractor.swift */; };
		12767FE8271F2C3300A6EE9B /* SceneDelegate.swift in Sources */ = {isa = PBXBuildFile; fileRef = 12767FCC271F2C3300A6EE9B /* SceneDelegate.swift */; };
		12767FE9271F2C3300A6EE9B /* TableViewRouter.swift in Sources */ = {isa = PBXBuildFile; fileRef = 12767FCE271F2C3300A6EE9B /* TableViewRouter.swift */; };
		12767FEA271F2C3300A6EE9B /* TableViewInteractor.swift in Sources */ = {isa = PBXBuildFile; fileRef = 12767FCF271F2C3300A6EE9B /* TableViewInteractor.swift */; };
		12767FEB271F2C3300A6EE9B /* TableViewController.swift in Sources */ = {isa = PBXBuildFile; fileRef = 12767FD0271F2C3300A6EE9B /* TableViewController.swift */; };
		12767FEC271F2C3300A6EE9B /* TableViewPresenter.swift in Sources */ = {isa = PBXBuildFile; fileRef = 12767FD1271F2C3300A6EE9B /* TableViewPresenter.swift */; };
		12767FED271F2C3300A6EE9B /* TableViewAssembly.swift in Sources */ = {isa = PBXBuildFile; fileRef = 12767FD2271F2C3300A6EE9B /* TableViewAssembly.swift */; };
/* End PBXBuildFile section */

/* Begin PBXFileReference section */
		12767F8A271F2BA200A6EE9B /* vkmelnikPW3.app */ = {isa = PBXFileReference; explicitFileType = wrapper.application; includeInIndex = 0; path = vkmelnikPW3.app; sourceTree = BUILT_PRODUCTS_DIR; };
		12767F99271F2BA800A6EE9B /* Base */ = {isa = PBXFileReference; lastKnownFileType = file.storyboard; name = Base; path = Base.lproj/LaunchScreen.storyboard; sourceTree = "<group>"; };
		12767F9B271F2BA800A6EE9B /* Info.plist */ = {isa = PBXFileReference; lastKnownFileType = text.plist.xml; path = Info.plist; sourceTree = "<group>"; };
		12767FA2271F2BF900A6EE9B /* AlarmCreationViewAssembly.swift */ = {isa = PBXFileReference; fileEncoding = 4; lastKnownFileType = sourcecode.swift; path = AlarmCreationViewAssembly.swift; sourceTree = "<group>"; };
		12767FA3271F2BF900A6EE9B /* AlarmCreationViewPresenter.swift */ = {isa = PBXFileReference; fileEncoding = 4; lastKnownFileType = sourcecode.swift; path = AlarmCreationViewPresenter.swift; sourceTree = "<group>"; };
		12767FA4271F2BF900A6EE9B /* AlarmCreationViewController.swift */ = {isa = PBXFileReference; fileEncoding = 4; lastKnownFileType = sourcecode.swift; path = AlarmCreationViewController.swift; sourceTree = "<group>"; };
		12767FA5271F2BF900A6EE9B /* AlarmCreationViewInteractor.swift */ = {isa = PBXFileReference; fileEncoding = 4; lastKnownFileType = sourcecode.swift; path = AlarmCreationViewInteractor.swift; sourceTree = "<group>"; };
		12767FAB271F2C1E00A6EE9B /* AlarmModificationViewPresenter.swift */ = {isa = PBXFileReference; fileEncoding = 4; lastKnownFileType = sourcecode.swift; path = AlarmModificationViewPresenter.swift; sourceTree = "<group>"; };
		12767FAC271F2C1E00A6EE9B /* AlarmModificationViewInteractor.swift */ = {isa = PBXFileReference; fileEncoding = 4; lastKnownFileType = sourcecode.swift; path = AlarmModificationViewInteractor.swift; sourceTree = "<group>"; };
		12767FAD271F2C1E00A6EE9B /* AlarmModificationViewController.swift */ = {isa = PBXFileReference; fileEncoding = 4; lastKnownFileType = sourcecode.swift; path = AlarmModificationViewController.swift; sourceTree = "<group>"; };
		12767FAE271F2C1E00A6EE9B /* AlarmModificationViewAssembly.swift */ = {isa = PBXFileReference; fileEncoding = 4; lastKnownFileType = sourcecode.swift; path = AlarmModificationViewAssembly.swift; sourceTree = "<group>"; };
		12767FB3271F2C3200A6EE9B /* AppDelegate.swift */ = {isa = PBXFileReference; fileEncoding = 4; lastKnownFileType = sourcecode.swift; path = AppDelegate.swift; sourceTree = "<group>"; };
		12767FB4271F2C3200A6EE9B /* UIView_Pin.swift */ = {isa = PBXFileReference; fileEncoding = 4; lastKnownFileType = sourcecode.swift; path = UIView_Pin.swift; sourceTree = "<group>"; };
		12767FB6271F2C3200A6EE9B /* CollectionViewAssembly.swift */ = {isa = PBXFileReference; fileEncoding = 4; lastKnownFileType = sourcecode.swift; path = CollectionViewAssembly.swift; sourceTree = "<group>"; };
		12767FB7271F2C3200A6EE9B /* CollectionViewRouter.swift */ = {isa = PBXFileReference; fileEncoding = 4; lastKnownFileType = sourcecode.swift; path = CollectionViewRouter.swift; sourceTree = "<group>"; };
		12767FB8271F2C3200A6EE9B /* CollectionViewInteractor.swift */ = {isa = PBXFileReference; fileEncoding = 4; lastKnownFileType = sourcecode.swift; path = CollectionViewInteractor.swift; sourceTree = "<group>"; };
		12767FB9271F2C3200A6EE9B /* CollectionViewPresenter.swift */ = {isa = PBXFileReference; fileEncoding = 4; lastKnownFileType = sourcecode.swift; path = CollectionViewPresenter.swift; sourceTree = "<group>"; };
		12767FBA271F2C3200A6EE9B /* CollectionViewController.swift */ = {isa = PBXFileReference; fileEncoding = 4; lastKnownFileType = sourcecode.swift; path = CollectionViewController.swift; sourceTree = "<group>"; };
		12767FBB271F2C3200A6EE9B /* Assets.xcassets */ = {isa = PBXFileReference; lastKnownFileType = folder.assetcatalog; path = Assets.xcassets; sourceTree = "<group>"; };
		12767FBD271F2C3300A6EE9B /* AlarmModel.swift */ = {isa = PBXFileReference; fileEncoding = 4; lastKnownFileType = sourcecode.swift; path = AlarmModel.swift; sourceTree = "<group>"; };
		12767FBE271F2C3300A6EE9B /* AlarmsContainer.swift */ = {isa = PBXFileReference; fileEncoding = 4; lastKnownFileType = sourcecode.swift; path = AlarmsContainer.swift; sourceTree = "<group>"; };
		12767FC0271F2C3300A6EE9B /* EyeCell.swift */ = {isa = PBXFileReference; fileEncoding = 4; lastKnownFileType = sourcecode.swift; path = EyeCell.swift; sourceTree = "<group>"; };
		12767FC1271F2C3300A6EE9B /* AlarmCollectionViewCell.swift */ = {isa = PBXFileReference; fileEncoding = 4; lastKnownFileType = sourcecode.swift; path = AlarmCollectionViewCell.swift; sourceTree = "<group>"; };
		12767FC2271F2C3300A6EE9B /* AlarmView.swift */ = {isa = PBXFileReference; fileEncoding = 4; lastKnownFileType = sourcecode.swift; path = AlarmView.swift; sourceTree = "<group>"; };
		12767FC3271F2C3300A6EE9B /* NotificationView.swift */ = {isa = PBXFileReference; fileEncoding = 4; lastKnownFileType = sourcecode.swift; path = NotificationView.swift; sourceTree = "<group>"; };
		12767FC4271F2C3300A6EE9B /* AlarmViewCell.swift */ = {isa = PBXFileReference; fileEncoding = 4; lastKnownFileType = sourcecode.swift; path = AlarmViewCell.swift; sourceTree = "<group>"; };
		12767FC5271F2C3300A6EE9B /* UIExtensions.swift */ = {isa = PBXFileReference; fileEncoding = 4; lastKnownFileType = sourcecode.swift; path = UIExtensions.swift; sourceTree = "<group>"; };
		12767FC7271F2C3300A6EE9B /* StackViewAssembly.swift */ = {isa = PBXFileReference; fileEncoding = 4; lastKnownFileType = sourcecode.swift; path = StackViewAssembly.swift; sourceTree = "<group>"; };
		12767FC8271F2C3300A6EE9B /* StackViewPresenter.swift */ = {isa = PBXFileReference; fileEncoding = 4; lastKnownFileType = sourcecode.swift; path = StackViewPresenter.swift; sourceTree = "<group>"; };
		12767FC9271F2C3300A6EE9B /* StackViewRouter.swift */ = {isa = PBXFileReference; fileEncoding = 4; lastKnownFileType = sourcecode.swift; path = StackViewRouter.swift; sourceTree = "<group>"; };
		12767FCA271F2C3300A6EE9B /* StackViewController.swift */ = {isa = PBXFileReference; fileEncoding = 4; lastKnownFileType = sourcecode.swift; path = StackViewController.swift; sourceTree = "<group>"; };
		12767FCB271F2C3300A6EE9B /* StackViewInteractor.swift */ = {isa = PBXFileReference; fileEncoding = 4; lastKnownFileType = sourcecode.swift; path = StackViewInteractor.swift; sourceTree = "<group>"; };
		12767FCC271F2C3300A6EE9B /* SceneDelegate.swift */ = {isa = PBXFileReference; fileEncoding = 4; lastKnownFileType = sourcecode.swift; path = SceneDelegate.swift; sourceTree = "<group>"; };
		12767FCE271F2C3300A6EE9B /* TableViewRouter.swift */ = {isa = PBXFileReference; fileEncoding = 4; lastKnownFileType = sourcecode.swift; path = TableViewRouter.swift; sourceTree = "<group>"; };
		12767FCF271F2C3300A6EE9B /* TableViewInteractor.swift */ = {isa = PBXFileReference; fileEncoding = 4; lastKnownFileType = sourcecode.swift; path = TableViewInteractor.swift; sourceTree = "<group>"; };
		12767FD0271F2C3300A6EE9B /* TableViewController.swift */ = {isa = PBXFileReference; fileEncoding = 4; lastKnownFileType = sourcecode.swift; path = TableViewController.swift; sourceTree = "<group>"; };
		12767FD1271F2C3300A6EE9B /* TableViewPresenter.swift */ = {isa = PBXFileReference; fileEncoding = 4; lastKnownFileType = sourcecode.swift; path = TableViewPresenter.swift; sourceTree = "<group>"; };
		12767FD2271F2C3300A6EE9B /* TableViewAssembly.swift */ = {isa = PBXFileReference; fileEncoding = 4; lastKnownFileType = sourcecode.swift; path = TableViewAssembly.swift; sourceTree = "<group>"; };
/* End PBXFileReference section */

/* Begin PBXFrameworksBuildPhase section */
		12767F87271F2BA200A6EE9B /* Frameworks */ = {
			isa = PBXFrameworksBuildPhase;
			buildActionMask = 2147483647;
			files = (
			);
			runOnlyForDeploymentPostprocessing = 0;
		};
/* End PBXFrameworksBuildPhase section */

/* Begin PBXGroup section */
		12767F81271F2BA200A6EE9B = {
			isa = PBXGroup;
			children = (
				12767F8C271F2BA200A6EE9B /* vkmelnikPW3 */,
				12767F8B271F2BA200A6EE9B /* Products */,
			);
			sourceTree = "<group>";
		};
		12767F8B271F2BA200A6EE9B /* Products */ = {
			isa = PBXGroup;
			children = (
				12767F8A271F2BA200A6EE9B /* vkmelnikPW3.app */,
			);
			name = Products;
			sourceTree = "<group>";
		};
		12767F8C271F2BA200A6EE9B /* vkmelnikPW3 */ = {
			isa = PBXGroup;
			children = (
				12767FB3271F2C3200A6EE9B /* AppDelegate.swift */,
				12767FBB271F2C3200A6EE9B /* Assets.xcassets */,
				12767FB5271F2C3200A6EE9B /* CollectionView */,
				12767FBC271F2C3300A6EE9B /* Models */,
				12767FCC271F2C3300A6EE9B /* SceneDelegate.swift */,
				12767FC6271F2C3300A6EE9B /* StackView */,
				12767FCD271F2C3300A6EE9B /* TableView */,
				12767FB4271F2C3200A6EE9B /* UIView_Pin.swift */,
				12767FBF271F2C3300A6EE9B /* View */,
				12767FAA271F2C1E00A6EE9B /* AlarmModificationView */,
				12767FA1271F2BF900A6EE9B /* AlarmCreationView */,
				12767F98271F2BA800A6EE9B /* LaunchScreen.storyboard */,
				12767F9B271F2BA800A6EE9B /* Info.plist */,
			);
			path = vkmelnikPW3;
			sourceTree = "<group>";
		};
		12767FA1271F2BF900A6EE9B /* AlarmCreationView */ = {
			isa = PBXGroup;
			children = (
				12767FA2271F2BF900A6EE9B /* AlarmCreationViewAssembly.swift */,
				12767FA3271F2BF900A6EE9B /* AlarmCreationViewPresenter.swift */,
				12767FA4271F2BF900A6EE9B /* AlarmCreationViewController.swift */,
				12767FA5271F2BF900A6EE9B /* AlarmCreationViewInteractor.swift */,
			);
			path = AlarmCreationView;
			sourceTree = "<group>";
		};
		12767FAA271F2C1E00A6EE9B /* AlarmModificationView */ = {
			isa = PBXGroup;
			children = (
				12767FAB271F2C1E00A6EE9B /* AlarmModificationViewPresenter.swift */,
				12767FAC271F2C1E00A6EE9B /* AlarmModificationViewInteractor.swift */,
				12767FAD271F2C1E00A6EE9B /* AlarmModificationViewController.swift */,
				12767FAE271F2C1E00A6EE9B /* AlarmModificationViewAssembly.swift */,
			);
			path = AlarmModificationView;
			sourceTree = "<group>";
		};
		12767FB5271F2C3200A6EE9B /* CollectionView */ = {
			isa = PBXGroup;
			children = (
				12767FB6271F2C3200A6EE9B /* CollectionViewAssembly.swift */,
				12767FB7271F2C3200A6EE9B /* CollectionViewRouter.swift */,
				12767FB8271F2C3200A6EE9B /* CollectionViewInteractor.swift */,
				12767FB9271F2C3200A6EE9B /* CollectionViewPresenter.swift */,
				12767FBA271F2C3200A6EE9B /* CollectionViewController.swift */,
			);
			path = CollectionView;
			sourceTree = "<group>";
		};
		12767FBC271F2C3300A6EE9B /* Models */ = {
			isa = PBXGroup;
			children = (
				12767FBD271F2C3300A6EE9B /* AlarmModel.swift */,
				12767FBE271F2C3300A6EE9B /* AlarmsContainer.swift */,
			);
			path = Models;
			sourceTree = "<group>";
		};
		12767FBF271F2C3300A6EE9B /* View */ = {
			isa = PBXGroup;
			children = (
				12767FC0271F2C3300A6EE9B /* EyeCell.swift */,
				12767FC1271F2C3300A6EE9B /* AlarmCollectionViewCell.swift */,
				12767FC2271F2C3300A6EE9B /* AlarmView.swift */,
				12767FC3271F2C3300A6EE9B /* NotificationView.swift */,
				12767FC4271F2C3300A6EE9B /* AlarmViewCell.swift */,
				12767FC5271F2C3300A6EE9B /* UIExtensions.swift */,
			);
			path = View;
			sourceTree = "<group>";
		};
		12767FC6271F2C3300A6EE9B /* StackView */ = {
			isa = PBXGroup;
			children = (
				12767FC7271F2C3300A6EE9B /* StackViewAssembly.swift */,
				12767FC8271F2C3300A6EE9B /* StackViewPresenter.swift */,
				12767FC9271F2C3300A6EE9B /* StackViewRouter.swift */,
				12767FCA271F2C3300A6EE9B /* StackViewController.swift */,
				12767FCB271F2C3300A6EE9B /* StackViewInteractor.swift */,
			);
			path = StackView;
			sourceTree = "<group>";
		};
		12767FCD271F2C3300A6EE9B /* TableView */ = {
			isa = PBXGroup;
			children = (
				12767FCE271F2C3300A6EE9B /* TableViewRouter.swift */,
				12767FCF271F2C3300A6EE9B /* TableViewInteractor.swift */,
				12767FD0271F2C3300A6EE9B /* TableViewController.swift */,
				12767FD1271F2C3300A6EE9B /* TableViewPresenter.swift */,
				12767FD2271F2C3300A6EE9B /* TableViewAssembly.swift */,
			);
			path = TableView;
			sourceTree = "<group>";
		};
/* End PBXGroup section */

/* Begin PBXNativeTarget section */
		12767F89271F2BA200A6EE9B /* vkmelnikPW3 */ = {
			isa = PBXNativeTarget;
			buildConfigurationList = 12767F9E271F2BA800A6EE9B /* Build configuration list for PBXNativeTarget "vkmelnikPW3" */;
			buildPhases = (
				12767F86271F2BA200A6EE9B /* Sources */,
				12767F87271F2BA200A6EE9B /* Frameworks */,
				12767F88271F2BA200A6EE9B /* Resources */,
			);
			buildRules = (
			);
			dependencies = (
			);
			name = vkmelnikPW3;
			productName = vkmelnikPW3;
			productReference = 12767F8A271F2BA200A6EE9B /* vkmelnikPW3.app */;
			productType = "com.apple.product-type.application";
		};
/* End PBXNativeTarget section */

/* Begin PBXProject section */
		12767F82271F2BA200A6EE9B /* Project object */ = {
			isa = PBXProject;
			attributes = {
				LastSwiftUpdateCheck = 1250;
				LastUpgradeCheck = 1250;
				TargetAttributes = {
					12767F89271F2BA200A6EE9B = {
						CreatedOnToolsVersion = 12.5;
					};
				};
			};
			buildConfigurationList = 12767F85271F2BA200A6EE9B /* Build configuration list for PBXProject "vkmelnikPW3" */;
			compatibilityVersion = "Xcode 9.3";
			developmentRegion = en;
			hasScannedForEncodings = 0;
			knownRegions = (
				en,
				Base,
			);
			mainGroup = 12767F81271F2BA200A6EE9B;
			productRefGroup = 12767F8B271F2BA200A6EE9B /* Products */;
			projectDirPath = "";
			projectRoot = "";
			targets = (
				12767F89271F2BA200A6EE9B /* vkmelnikPW3 */,
			);
		};
/* End PBXProject section */

/* Begin PBXResourcesBuildPhase section */
		12767F88271F2BA200A6EE9B /* Resources */ = {
			isa = PBXResourcesBuildPhase;
			buildActionMask = 2147483647;
			files = (
				12767FDA271F2C3300A6EE9B /* Assets.xcassets in Resources */,
				12767F9A271F2BA800A6EE9B /* LaunchScreen.storyboard in Resources */,
			);
			runOnlyForDeploymentPostprocessing = 0;
		};
/* End PBXResourcesBuildPhase section */

/* Begin PBXSourcesBuildPhase section */
		12767F86271F2BA200A6EE9B /* Sources */ = {
			isa = PBXSourcesBuildPhase;
			buildActionMask = 2147483647;
			files = (
				12767FDE271F2C3300A6EE9B /* AlarmCollectionViewCell.swift in Sources */,
				12767FDC271F2C3300A6EE9B /* AlarmsContainer.swift in Sources */,
				12767FE0271F2C3300A6EE9B /* NotificationView.swift in Sources */,
				12767FE3271F2C3300A6EE9B /* StackViewAssembly.swift in Sources */,
				12767FDF271F2C3300A6EE9B /* AlarmView.swift in Sources */,
				12767FA9271F2BF900A6EE9B /* AlarmCreationViewInteractor.swift in Sources */,
				12767FB1271F2C1E00A6EE9B /* AlarmModificationViewController.swift in Sources */,
				12767FA7271F2BF900A6EE9B /* AlarmCreationViewPresenter.swift in Sources */,
				12767FD3271F2C3300A6EE9B /* AppDelegate.swift in Sources */,
				12767FE1271F2C3300A6EE9B /* AlarmViewCell.swift in Sources */,
				12767FD5271F2C3300A6EE9B /* CollectionViewAssembly.swift in Sources */,
				12767FD6271F2C3300A6EE9B /* CollectionViewRouter.swift in Sources */,
				12767FE9271F2C3300A6EE9B /* TableViewRouter.swift in Sources */,
				12767FE8271F2C3300A6EE9B /* SceneDelegate.swift in Sources */,
				12767FA8271F2BF900A6EE9B /* AlarmCreationViewController.swift in Sources */,
				12767FB2271F2C1E00A6EE9B /* AlarmModificationViewAssembly.swift in Sources */,
				12767FD7271F2C3300A6EE9B /* CollectionViewInteractor.swift in Sources */,
				12767FDB271F2C3300A6EE9B /* AlarmModel.swift in Sources */,
				12767FE5271F2C3300A6EE9B /* StackViewRouter.swift in Sources */,
				12767FED271F2C3300A6EE9B /* TableViewAssembly.swift in Sources */,
				12767FD9271F2C3300A6EE9B /* CollectionViewController.swift in Sources */,
				12767FB0271F2C1E00A6EE9B /* AlarmModificationViewInteractor.swift in Sources */,
				12767FEC271F2C3300A6EE9B /* TableViewPresenter.swift in Sources */,
				12767FAF271F2C1E00A6EE9B /* AlarmModificationViewPresenter.swift in Sources */,
				12767FE7271F2C3300A6EE9B /* StackViewInteractor.swift in Sources */,
				12767FD8271F2C3300A6EE9B /* CollectionViewPresenter.swift in Sources */,
				12767FE4271F2C3300A6EE9B /* StackViewPresenter.swift in Sources */,
				12767FD4271F2C3300A6EE9B /* UIView_Pin.swift in Sources */,
				12767FE2271F2C3300A6EE9B /* UIExtensions.swift in Sources */,
				12767FEB271F2C3300A6EE9B /* TableViewController.swift in Sources */,
				12767FE6271F2C3300A6EE9B /* StackViewController.swift in Sources */,
				12767FA6271F2BF900A6EE9B /* AlarmCreationViewAssembly.swift in Sources */,
				12767FEA271F2C3300A6EE9B /* TableViewInteractor.swift in Sources */,
				12767FDD271F2C3300A6EE9B /* EyeCell.swift in Sources */,
			);
			runOnlyForDeploymentPostprocessing = 0;
		};
/* End PBXSourcesBuildPhase section */

/* Begin PBXVariantGroup section */
		12767F98271F2BA800A6EE9B /* LaunchScreen.storyboard */ = {
			isa = PBXVariantGroup;
			children = (
				12767F99271F2BA800A6EE9B /* Base */,
			);
			name = LaunchScreen.storyboard;
			sourceTree = "<group>";
		};
/* End PBXVariantGroup section */

/* Begin XCBuildConfiguration section */
		12767F9C271F2BA800A6EE9B /* Debug */ = {
			isa = XCBuildConfiguration;
			buildSettings = {
				ALWAYS_SEARCH_USER_PATHS = NO;
				CLANG_ANALYZER_NONNULL = YES;
				CLANG_ANALYZER_NUMBER_OBJECT_CONVERSION = YES_AGGRESSIVE;
				CLANG_CXX_LANGUAGE_STANDARD = "gnu++14";
				CLANG_CXX_LIBRARY = "libc++";
				CLANG_ENABLE_MODULES = YES;
				CLANG_ENABLE_OBJC_ARC = YES;
				CLANG_ENABLE_OBJC_WEAK = YES;
				CLANG_WARN_BLOCK_CAPTURE_AUTORELEASING = YES;
				CLANG_WARN_BOOL_CONVERSION = YES;
				CLANG_WARN_COMMA = YES;
				CLANG_WARN_CONSTANT_CONVERSION = YES;
				CLANG_WARN_DEPRECATED_OBJC_IMPLEMENTATIONS = YES;
				CLANG_WARN_DIRECT_OBJC_ISA_USAGE = YES_ERROR;
				CLANG_WARN_DOCUMENTATION_COMMENTS = YES;
				CLANG_WARN_EMPTY_BODY = YES;
				CLANG_WARN_ENUM_CONVERSION = YES;
				CLANG_WARN_INFINITE_RECURSION = YES;
				CLANG_WARN_INT_CONVERSION = YES;
				CLANG_WARN_NON_LITERAL_NULL_CONVERSION = YES;
				CLANG_WARN_OBJC_IMPLICIT_RETAIN_SELF = YES;
				CLANG_WARN_OBJC_LITERAL_CONVERSION = YES;
				CLANG_WARN_OBJC_ROOT_CLASS = YES_ERROR;
				CLANG_WARN_QUOTED_INCLUDE_IN_FRAMEWORK_HEADER = YES;
				CLANG_WARN_RANGE_LOOP_ANALYSIS = YES;
				CLANG_WARN_STRICT_PROTOTYPES = YES;
				CLANG_WARN_SUSPICIOUS_MOVE = YES;
				CLANG_WARN_UNGUARDED_AVAILABILITY = YES_AGGRESSIVE;
				CLANG_WARN_UNREACHABLE_CODE = YES;
				CLANG_WARN__DUPLICATE_METHOD_MATCH = YES;
				COPY_PHASE_STRIP = NO;
				DEBUG_INFORMATION_FORMAT = dwarf;
				ENABLE_STRICT_OBJC_MSGSEND = YES;
				ENABLE_TESTABILITY = YES;
				GCC_C_LANGUAGE_STANDARD = gnu11;
				GCC_DYNAMIC_NO_PIC = NO;
				GCC_NO_COMMON_BLOCKS = YES;
				GCC_OPTIMIZATION_LEVEL = 0;
				GCC_PREPROCESSOR_DEFINITIONS = (
					"DEBUG=1",
					"$(inherited)",
				);
				GCC_WARN_64_TO_32_BIT_CONVERSION = YES;
				GCC_WARN_ABOUT_RETURN_TYPE = YES_ERROR;
				GCC_WARN_UNDECLARED_SELECTOR = YES;
				GCC_WARN_UNINITIALIZED_AUTOS = YES_AGGRESSIVE;
				GCC_WARN_UNUSED_FUNCTION = YES;
				GCC_WARN_UNUSED_VARIABLE = YES;
				IPHONEOS_DEPLOYMENT_TARGET = 14.5;
				MTL_ENABLE_DEBUG_INFO = INCLUDE_SOURCE;
				MTL_FAST_MATH = YES;
				ONLY_ACTIVE_ARCH = YES;
				SDKROOT = iphoneos;
				SWIFT_ACTIVE_COMPILATION_CONDITIONS = DEBUG;
				SWIFT_OPTIMIZATION_LEVEL = "-Onone";
			};
			name = Debug;
		};
		12767F9D271F2BA800A6EE9B /* Release */ = {
			isa = XCBuildConfiguration;
			buildSettings = {
				ALWAYS_SEARCH_USER_PATHS = NO;
				CLANG_ANALYZER_NONNULL = YES;
				CLANG_ANALYZER_NUMBER_OBJECT_CONVERSION = YES_AGGRESSIVE;
				CLANG_CXX_LANGUAGE_STANDARD = "gnu++14";
				CLANG_CXX_LIBRARY = "libc++";
				CLANG_ENABLE_MODULES = YES;
				CLANG_ENABLE_OBJC_ARC = YES;
				CLANG_ENABLE_OBJC_WEAK = YES;
				CLANG_WARN_BLOCK_CAPTURE_AUTORELEASING = YES;
				CLANG_WARN_BOOL_CONVERSION = YES;
				CLANG_WARN_COMMA = YES;
				CLANG_WARN_CONSTANT_CONVERSION = YES;
				CLANG_WARN_DEPRECATED_OBJC_IMPLEMENTATIONS = YES;
				CLANG_WARN_DIRECT_OBJC_ISA_USAGE = YES_ERROR;
				CLANG_WARN_DOCUMENTATION_COMMENTS = YES;
				CLANG_WARN_EMPTY_BODY = YES;
				CLANG_WARN_ENUM_CONVERSION = YES;
				CLANG_WARN_INFINITE_RECURSION = YES;
				CLANG_WARN_INT_CONVERSION = YES;
				CLANG_WARN_NON_LITERAL_NULL_CONVERSION = YES;
				CLANG_WARN_OBJC_IMPLICIT_RETAIN_SELF = YES;
				CLANG_WARN_OBJC_LITERAL_CONVERSION = YES;
				CLANG_WARN_OBJC_ROOT_CLASS = YES_ERROR;
				CLANG_WARN_QUOTED_INCLUDE_IN_FRAMEWORK_HEADER = YES;
				CLANG_WARN_RANGE_LOOP_ANALYSIS = YES;
				CLANG_WARN_STRICT_PROTOTYPES = YES;
				CLANG_WARN_SUSPICIOUS_MOVE = YES;
				CLANG_WARN_UNGUARDED_AVAILABILITY = YES_AGGRESSIVE;
				CLANG_WARN_UNREACHABLE_CODE = YES;
				CLANG_WARN__DUPLICATE_METHOD_MATCH = YES;
				COPY_PHASE_STRIP = NO;
				DEBUG_INFORMATION_FORMAT = "dwarf-with-dsym";
				ENABLE_NS_ASSERTIONS = NO;
				ENABLE_STRICT_OBJC_MSGSEND = YES;
				GCC_C_LANGUAGE_STANDARD = gnu11;
				GCC_NO_COMMON_BLOCKS = YES;
				GCC_WARN_64_TO_32_BIT_CONVERSION = YES;
				GCC_WARN_ABOUT_RETURN_TYPE = YES_ERROR;
				GCC_WARN_UNDECLARED_SELECTOR = YES;
				GCC_WARN_UNINITIALIZED_AUTOS = YES_AGGRESSIVE;
				GCC_WARN_UNUSED_FUNCTION = YES;
				GCC_WARN_UNUSED_VARIABLE = YES;
				IPHONEOS_DEPLOYMENT_TARGET = 14.5;
				MTL_ENABLE_DEBUG_INFO = NO;
				MTL_FAST_MATH = YES;
				SDKROOT = iphoneos;
				SWIFT_COMPILATION_MODE = wholemodule;
				SWIFT_OPTIMIZATION_LEVEL = "-O";
				VALIDATE_PRODUCT = YES;
			};
			name = Release;
		};
		12767F9F271F2BA800A6EE9B /* Debug */ = {
			isa = XCBuildConfiguration;
			buildSettings = {
				ASSETCATALOG_COMPILER_APPICON_NAME = AppIcon;
				ASSETCATALOG_COMPILER_GLOBAL_ACCENT_COLOR_NAME = AccentColor;
				CODE_SIGN_STYLE = Automatic;
				DEVELOPMENT_TEAM = MEGQZTHC53;
				INFOPLIST_FILE = vkmelnikPW3/Info.plist;
				LD_RUNPATH_SEARCH_PATHS = (
					"$(inherited)",
					"@executable_path/Frameworks",
				);
				PRODUCT_BUNDLE_IDENTIFIER = hse.edu.vkmelnikPW3;
				PRODUCT_NAME = "$(TARGET_NAME)";
				SWIFT_VERSION = 5.0;
				TARGETED_DEVICE_FAMILY = "1,2";
			};
			name = Debug;
		};
		12767FA0271F2BA800A6EE9B /* Release */ = {
			isa = XCBuildConfiguration;
			buildSettings = {
				ASSETCATALOG_COMPILER_APPICON_NAME = AppIcon;
				ASSETCATALOG_COMPILER_GLOBAL_ACCENT_COLOR_NAME = AccentColor;
				CODE_SIGN_STYLE = Automatic;
				DEVELOPMENT_TEAM = MEGQZTHC53;
				INFOPLIST_FILE = vkmelnikPW3/Info.plist;
				LD_RUNPATH_SEARCH_PATHS = (
					"$(inherited)",
					"@executable_path/Frameworks",
				);
				PRODUCT_BUNDLE_IDENTIFIER = hse.edu.vkmelnikPW3;
				PRODUCT_NAME = "$(TARGET_NAME)";
				SWIFT_VERSION = 5.0;
				TARGETED_DEVICE_FAMILY = "1,2";
			};
			name = Release;
		};
/* End XCBuildConfiguration section */

/* Begin XCConfigurationList section */
		12767F85271F2BA200A6EE9B /* Build configuration list for PBXProject "vkmelnikPW3" */ = {
			isa = XCConfigurationList;
			buildConfigurations = (
				12767F9C271F2BA800A6EE9B /* Debug */,
				12767F9D271F2BA800A6EE9B /* Release */,
			);
			defaultConfigurationIsVisible = 0;
			defaultConfigurationName = Release;
		};
		12767F9E271F2BA800A6EE9B /* Build configuration list for PBXNativeTarget "vkmelnikPW3" */ = {
			isa = XCConfigurationList;
			buildConfigurations = (
				12767F9F271F2BA800A6EE9B /* Debug */,
				12767FA0271F2BA800A6EE9B /* Release */,
			);
			defaultConfigurationIsVisible = 0;
			defaultConfigurationName = Release;
		};
/* End XCConfigurationList section */
	};
	rootObject = 12767F82271F2BA200A6EE9B /* Project object */;
}
