// !$*UTF8*$!
{
	archiveVersion = 1;
	classes = {
	};
	objectVersion = 55;
	objects = {

/* Begin PBXBuildFile section */
		121048FF271D7750001F2430 /* AlarmCollectionViewCell.swift in Sources */ = {isa = PBXBuildFile; fileRef = 121048FE271D7750001F2430 /* AlarmCollectionViewCell.swift */; };
		12272EEB2715BDC50042E483 /* EyeCell.swift in Sources */ = {isa = PBXBuildFile; fileRef = 12272EEA2715BDC50042E483 /* EyeCell.swift */; };
		126FA7842714739D00C75C4F /* AppDelegate.swift in Sources */ = {isa = PBXBuildFile; fileRef = 126FA7832714739D00C75C4F /* AppDelegate.swift */; };
		126FA7862714739D00C75C4F /* SceneDelegate.swift in Sources */ = {isa = PBXBuildFile; fileRef = 126FA7852714739D00C75C4F /* SceneDelegate.swift */; };
		126FA7882714739D00C75C4F /* StackViewController.swift in Sources */ = {isa = PBXBuildFile; fileRef = 126FA7872714739D00C75C4F /* StackViewController.swift */; };
		126FA78D2714739F00C75C4F /* Assets.xcassets in Resources */ = {isa = PBXBuildFile; fileRef = 126FA78C2714739F00C75C4F /* Assets.xcassets */; };
		126FA7902714739F00C75C4F /* LaunchScreen.storyboard in Resources */ = {isa = PBXBuildFile; fileRef = 126FA78E2714739F00C75C4F /* LaunchScreen.storyboard */; };
		126FA7A32714791900C75C4F /* StackViewInteractor.swift in Sources */ = {isa = PBXBuildFile; fileRef = 126FA79E2714791900C75C4F /* StackViewInteractor.swift */; };
		126FA7A42714791900C75C4F /* StackViewAssembly.swift in Sources */ = {isa = PBXBuildFile; fileRef = 126FA79F2714791900C75C4F /* StackViewAssembly.swift */; };
		126FA7A52714791900C75C4F /* StackViewRouter.swift in Sources */ = {isa = PBXBuildFile; fileRef = 126FA7A02714791900C75C4F /* StackViewRouter.swift */; };
		126FA7A72714791900C75C4F /* StackViewPresenter.swift in Sources */ = {isa = PBXBuildFile; fileRef = 126FA7A22714791900C75C4F /* StackViewPresenter.swift */; };
		126FA7AF27147C3900C75C4F /* TableViewPresenter.swift in Sources */ = {isa = PBXBuildFile; fileRef = 126FA7A927147C3900C75C4F /* TableViewPresenter.swift */; };
		126FA7B027147C3900C75C4F /* TableViewRouter.swift in Sources */ = {isa = PBXBuildFile; fileRef = 126FA7AA27147C3900C75C4F /* TableViewRouter.swift */; };
		126FA7B127147C3900C75C4F /* TableViewInteractor.swift in Sources */ = {isa = PBXBuildFile; fileRef = 126FA7AB27147C3900C75C4F /* TableViewInteractor.swift */; };
		126FA7B227147C3900C75C4F /* TableViewController.swift in Sources */ = {isa = PBXBuildFile; fileRef = 126FA7AC27147C3900C75C4F /* TableViewController.swift */; };
		126FA7B327147C3900C75C4F /* TableViewAssembly.swift in Sources */ = {isa = PBXBuildFile; fileRef = 126FA7AD27147C3900C75C4F /* TableViewAssembly.swift */; };
		126FA7BA27147C6F00C75C4F /* CollectionViewInteractor.swift in Sources */ = {isa = PBXBuildFile; fileRef = 126FA7B427147C6E00C75C4F /* CollectionViewInteractor.swift */; };
		126FA7BB27147C6F00C75C4F /* CollectionViewController.swift in Sources */ = {isa = PBXBuildFile; fileRef = 126FA7B527147C6E00C75C4F /* CollectionViewController.swift */; };
		126FA7BD27147C6F00C75C4F /* CollectionViewRouter.swift in Sources */ = {isa = PBXBuildFile; fileRef = 126FA7B727147C6F00C75C4F /* CollectionViewRouter.swift */; };
		126FA7BE27147C6F00C75C4F /* CollectionViewPresenter.swift in Sources */ = {isa = PBXBuildFile; fileRef = 126FA7B827147C6F00C75C4F /* CollectionViewPresenter.swift */; };
		126FA7BF27147C6F00C75C4F /* CollectionViewAssembly.swift in Sources */ = {isa = PBXBuildFile; fileRef = 126FA7B927147C6F00C75C4F /* CollectionViewAssembly.swift */; };
		126FA7C1271483B800C75C4F /* UIView_Pin.swift in Sources */ = {isa = PBXBuildFile; fileRef = 126FA7C0271483B800C75C4F /* UIView_Pin.swift */; };
		126FA7C42714874600C75C4F /* AlarmView.swift in Sources */ = {isa = PBXBuildFile; fileRef = 126FA7C32714874600C75C4F /* AlarmView.swift */; };
		1281AFAA271837F500ADC41B /* AlarmModel.swift in Sources */ = {isa = PBXBuildFile; fileRef = 1281AFA9271837F500ADC41B /* AlarmModel.swift */; };
		1281AFAD2718386000ADC41B /* AlarmsContainer.swift in Sources */ = {isa = PBXBuildFile; fileRef = 1281AFAC2718386000ADC41B /* AlarmsContainer.swift */; };
		1281AFAF27183C1D00ADC41B /* AlarmViewCell.swift in Sources */ = {isa = PBXBuildFile; fileRef = 1281AFAE27183C1D00ADC41B /* AlarmViewCell.swift */; };
/* End PBXBuildFile section */

/* Begin PBXFileReference section */
		121048FE271D7750001F2430 /* AlarmCollectionViewCell.swift */ = {isa = PBXFileReference; lastKnownFileType = sourcecode.swift; path = AlarmCollectionViewCell.swift; sourceTree = "<group>"; };
		12272EEA2715BDC50042E483 /* EyeCell.swift */ = {isa = PBXFileReference; lastKnownFileType = sourcecode.swift; path = EyeCell.swift; sourceTree = "<group>"; };
		126FA7802714739D00C75C4F /* vkmelnikPW3.app */ = {isa = PBXFileReference; explicitFileType = wrapper.application; includeInIndex = 0; path = vkmelnikPW3.app; sourceTree = BUILT_PRODUCTS_DIR; };
		126FA7832714739D00C75C4F /* AppDelegate.swift */ = {isa = PBXFileReference; lastKnownFileType = sourcecode.swift; path = AppDelegate.swift; sourceTree = "<group>"; };
		126FA7852714739D00C75C4F /* SceneDelegate.swift */ = {isa = PBXFileReference; lastKnownFileType = sourcecode.swift; path = SceneDelegate.swift; sourceTree = "<group>"; };
		126FA7872714739D00C75C4F /* StackViewController.swift */ = {isa = PBXFileReference; lastKnownFileType = sourcecode.swift; path = StackViewController.swift; sourceTree = "<group>"; };
		126FA78C2714739F00C75C4F /* Assets.xcassets */ = {isa = PBXFileReference; lastKnownFileType = folder.assetcatalog; path = Assets.xcassets; sourceTree = "<group>"; };
		126FA78F2714739F00C75C4F /* Base */ = {isa = PBXFileReference; lastKnownFileType = file.storyboard; name = Base; path = Base.lproj/LaunchScreen.storyboard; sourceTree = "<group>"; };
		126FA7912714739F00C75C4F /* Info.plist */ = {isa = PBXFileReference; lastKnownFileType = text.plist.xml; path = Info.plist; sourceTree = "<group>"; };
		126FA79E2714791900C75C4F /* StackViewInteractor.swift */ = {isa = PBXFileReference; fileEncoding = 4; lastKnownFileType = sourcecode.swift; path = StackViewInteractor.swift; sourceTree = "<group>"; };
		126FA79F2714791900C75C4F /* StackViewAssembly.swift */ = {isa = PBXFileReference; fileEncoding = 4; lastKnownFileType = sourcecode.swift; path = StackViewAssembly.swift; sourceTree = "<group>"; };
		126FA7A02714791900C75C4F /* StackViewRouter.swift */ = {isa = PBXFileReference; fileEncoding = 4; lastKnownFileType = sourcecode.swift; path = StackViewRouter.swift; sourceTree = "<group>"; };
		126FA7A22714791900C75C4F /* StackViewPresenter.swift */ = {isa = PBXFileReference; fileEncoding = 4; lastKnownFileType = sourcecode.swift; path = StackViewPresenter.swift; sourceTree = "<group>"; };
		126FA7A927147C3900C75C4F /* TableViewPresenter.swift */ = {isa = PBXFileReference; fileEncoding = 4; lastKnownFileType = sourcecode.swift; path = TableViewPresenter.swift; sourceTree = "<group>"; };
		126FA7AA27147C3900C75C4F /* TableViewRouter.swift */ = {isa = PBXFileReference; fileEncoding = 4; lastKnownFileType = sourcecode.swift; path = TableViewRouter.swift; sourceTree = "<group>"; };
		126FA7AB27147C3900C75C4F /* TableViewInteractor.swift */ = {isa = PBXFileReference; fileEncoding = 4; lastKnownFileType = sourcecode.swift; path = TableViewInteractor.swift; sourceTree = "<group>"; };
		126FA7AC27147C3900C75C4F /* TableViewController.swift */ = {isa = PBXFileReference; fileEncoding = 4; lastKnownFileType = sourcecode.swift; path = TableViewController.swift; sourceTree = "<group>"; };
		126FA7AD27147C3900C75C4F /* TableViewAssembly.swift */ = {isa = PBXFileReference; fileEncoding = 4; lastKnownFileType = sourcecode.swift; path = TableViewAssembly.swift; sourceTree = "<group>"; };
		126FA7B427147C6E00C75C4F /* CollectionViewInteractor.swift */ = {isa = PBXFileReference; fileEncoding = 4; lastKnownFileType = sourcecode.swift; path = CollectionViewInteractor.swift; sourceTree = "<group>"; };
		126FA7B527147C6E00C75C4F /* CollectionViewController.swift */ = {isa = PBXFileReference; fileEncoding = 4; lastKnownFileType = sourcecode.swift; path = CollectionViewController.swift; sourceTree = "<group>"; };
		126FA7B727147C6F00C75C4F /* CollectionViewRouter.swift */ = {isa = PBXFileReference; fileEncoding = 4; lastKnownFileType = sourcecode.swift; path = CollectionViewRouter.swift; sourceTree = "<group>"; };
		126FA7B827147C6F00C75C4F /* CollectionViewPresenter.swift */ = {isa = PBXFileReference; fileEncoding = 4; lastKnownFileType = sourcecode.swift; path = CollectionViewPresenter.swift; sourceTree = "<group>"; };
		126FA7B927147C6F00C75C4F /* CollectionViewAssembly.swift */ = {isa = PBXFileReference; fileEncoding = 4; lastKnownFileType = sourcecode.swift; path = CollectionViewAssembly.swift; sourceTree = "<group>"; };
		126FA7C0271483B800C75C4F /* UIView_Pin.swift */ = {isa = PBXFileReference; fileEncoding = 4; lastKnownFileType = sourcecode.swift; path = UIView_Pin.swift; sourceTree = "<group>"; };
		126FA7C32714874600C75C4F /* AlarmView.swift */ = {isa = PBXFileReference; lastKnownFileType = sourcecode.swift; path = AlarmView.swift; sourceTree = "<group>"; };
		1281AFA9271837F500ADC41B /* AlarmModel.swift */ = {isa = PBXFileReference; lastKnownFileType = sourcecode.swift; path = AlarmModel.swift; sourceTree = "<group>"; };
		1281AFAC2718386000ADC41B /* AlarmsContainer.swift */ = {isa = PBXFileReference; lastKnownFileType = sourcecode.swift; path = AlarmsContainer.swift; sourceTree = "<group>"; };
		1281AFAE27183C1D00ADC41B /* AlarmViewCell.swift */ = {isa = PBXFileReference; lastKnownFileType = sourcecode.swift; path = AlarmViewCell.swift; sourceTree = "<group>"; };
/* End PBXFileReference section */

/* Begin PBXFrameworksBuildPhase section */
		126FA77D2714739D00C75C4F /* Frameworks */ = {
			isa = PBXFrameworksBuildPhase;
			buildActionMask = 2147483647;
			files = (
			);
			runOnlyForDeploymentPostprocessing = 0;
		};
/* End PBXFrameworksBuildPhase section */

/* Begin PBXGroup section */
		126FA7772714739D00C75C4F = {
			isa = PBXGroup;
			children = (
				126FA7822714739D00C75C4F /* vkmelnikPW3 */,
				126FA7812714739D00C75C4F /* Products */,
			);
			sourceTree = "<group>";
		};
		126FA7812714739D00C75C4F /* Products */ = {
			isa = PBXGroup;
			children = (
				126FA7802714739D00C75C4F /* vkmelnikPW3.app */,
			);
			name = Products;
			sourceTree = "<group>";
		};
		126FA7822714739D00C75C4F /* vkmelnikPW3 */ = {
			isa = PBXGroup;
			children = (
				1281AFAB2718384400ADC41B /* Models */,
				126FA7C22714872B00C75C4F /* View */,
				126FA79D2714789A00C75C4F /* CollectionView */,
				126FA79C2714788900C75C4F /* TableView */,
				126FA79B2714786C00C75C4F /* StackView */,
				126FA7832714739D00C75C4F /* AppDelegate.swift */,
				126FA7852714739D00C75C4F /* SceneDelegate.swift */,
				126FA7C0271483B800C75C4F /* UIView_Pin.swift */,
				126FA78C2714739F00C75C4F /* Assets.xcassets */,
				126FA78E2714739F00C75C4F /* LaunchScreen.storyboard */,
				126FA7912714739F00C75C4F /* Info.plist */,
			);
			path = vkmelnikPW3;
			sourceTree = "<group>";
		};
		126FA79B2714786C00C75C4F /* StackView */ = {
			isa = PBXGroup;
			children = (
				126FA7872714739D00C75C4F /* StackViewController.swift */,
				126FA79F2714791900C75C4F /* StackViewAssembly.swift */,
				126FA79E2714791900C75C4F /* StackViewInteractor.swift */,
				126FA7A22714791900C75C4F /* StackViewPresenter.swift */,
				126FA7A02714791900C75C4F /* StackViewRouter.swift */,
			);
			path = StackView;
			sourceTree = "<group>";
		};
		126FA79C2714788900C75C4F /* TableView */ = {
			isa = PBXGroup;
			children = (
				126FA7AD27147C3900C75C4F /* TableViewAssembly.swift */,
				126FA7AC27147C3900C75C4F /* TableViewController.swift */,
				126FA7AB27147C3900C75C4F /* TableViewInteractor.swift */,
				126FA7A927147C3900C75C4F /* TableViewPresenter.swift */,
				126FA7AA27147C3900C75C4F /* TableViewRouter.swift */,
			);
			path = TableView;
			sourceTree = "<group>";
		};
		126FA79D2714789A00C75C4F /* CollectionView */ = {
			isa = PBXGroup;
			children = (
				126FA7B927147C6F00C75C4F /* CollectionViewAssembly.swift */,
				126FA7B527147C6E00C75C4F /* CollectionViewController.swift */,
				126FA7B427147C6E00C75C4F /* CollectionViewInteractor.swift */,
				126FA7B827147C6F00C75C4F /* CollectionViewPresenter.swift */,
				126FA7B727147C6F00C75C4F /* CollectionViewRouter.swift */,
			);
			path = CollectionView;
			sourceTree = "<group>";
		};
		126FA7C22714872B00C75C4F /* View */ = {
			isa = PBXGroup;
			children = (
				126FA7C32714874600C75C4F /* AlarmView.swift */,
				12272EEA2715BDC50042E483 /* EyeCell.swift */,
				1281AFAE27183C1D00ADC41B /* AlarmViewCell.swift */,
				121048FE271D7750001F2430 /* AlarmCollectionViewCell.swift */,
			);
			path = View;
			sourceTree = "<group>";
		};
		1281AFAB2718384400ADC41B /* Models */ = {
			isa = PBXGroup;
			children = (
				1281AFA9271837F500ADC41B /* AlarmModel.swift */,
				1281AFAC2718386000ADC41B /* AlarmsContainer.swift */,
			);
			path = Models;
			sourceTree = "<group>";
		};
/* End PBXGroup section */

/* Begin PBXNativeTarget section */
		126FA77F2714739D00C75C4F /* vkmelnikPW3 */ = {
			isa = PBXNativeTarget;
			buildConfigurationList = 126FA7942714739F00C75C4F /* Build configuration list for PBXNativeTarget "vkmelnikPW3" */;
			buildPhases = (
				126FA77C2714739D00C75C4F /* Sources */,
				126FA77D2714739D00C75C4F /* Frameworks */,
				126FA77E2714739D00C75C4F /* Resources */,
			);
			buildRules = (
			);
			dependencies = (
			);
			name = vkmelnikPW3;
			productName = vkmelnikPW3;
			productReference = 126FA7802714739D00C75C4F /* vkmelnikPW3.app */;
			productType = "com.apple.product-type.application";
		};
/* End PBXNativeTarget section */

/* Begin PBXProject section */
		126FA7782714739D00C75C4F /* Project object */ = {
			isa = PBXProject;
			attributes = {
				BuildIndependentTargetsInParallel = 1;
				LastSwiftUpdateCheck = 1300;
				LastUpgradeCheck = 1300;
				TargetAttributes = {
					126FA77F2714739D00C75C4F = {
						CreatedOnToolsVersion = 13.0;
					};
				};
			};
			buildConfigurationList = 126FA77B2714739D00C75C4F /* Build configuration list for PBXProject "vkmelnikPW3" */;
			compatibilityVersion = "Xcode 13.0";
			developmentRegion = en;
			hasScannedForEncodings = 0;
			knownRegions = (
				en,
				Base,
			);
			mainGroup = 126FA7772714739D00C75C4F;
			productRefGroup = 126FA7812714739D00C75C4F /* Products */;
			projectDirPath = "";
			projectRoot = "";
			targets = (
				126FA77F2714739D00C75C4F /* vkmelnikPW3 */,
			);
		};
/* End PBXProject section */

/* Begin PBXResourcesBuildPhase section */
		126FA77E2714739D00C75C4F /* Resources */ = {
			isa = PBXResourcesBuildPhase;
			buildActionMask = 2147483647;
			files = (
				126FA7902714739F00C75C4F /* LaunchScreen.storyboard in Resources */,
				126FA78D2714739F00C75C4F /* Assets.xcassets in Resources */,
			);
			runOnlyForDeploymentPostprocessing = 0;
		};
/* End PBXResourcesBuildPhase section */

/* Begin PBXSourcesBuildPhase section */
		126FA77C2714739D00C75C4F /* Sources */ = {
			isa = PBXSourcesBuildPhase;
			buildActionMask = 2147483647;
			files = (
				126FA7C1271483B800C75C4F /* UIView_Pin.swift in Sources */,
				126FA7B027147C3900C75C4F /* TableViewRouter.swift in Sources */,
				1281AFAA271837F500ADC41B /* AlarmModel.swift in Sources */,
				126FA7AF27147C3900C75C4F /* TableViewPresenter.swift in Sources */,
				126FA7BF27147C6F00C75C4F /* CollectionViewAssembly.swift in Sources */,
				1281AFAD2718386000ADC41B /* AlarmsContainer.swift in Sources */,
				126FA7B227147C3900C75C4F /* TableViewController.swift in Sources */,
				1281AFAF27183C1D00ADC41B /* AlarmViewCell.swift in Sources */,
				126FA7B127147C3900C75C4F /* TableViewInteractor.swift in Sources */,
				126FA7BB27147C6F00C75C4F /* CollectionViewController.swift in Sources */,
				126FA7882714739D00C75C4F /* StackViewController.swift in Sources */,
				126FA7842714739D00C75C4F /* AppDelegate.swift in Sources */,
				121048FF271D7750001F2430 /* AlarmCollectionViewCell.swift in Sources */,
				126FA7862714739D00C75C4F /* SceneDelegate.swift in Sources */,
				12272EEB2715BDC50042E483 /* EyeCell.swift in Sources */,
				126FA7A52714791900C75C4F /* StackViewRouter.swift in Sources */,
				126FA7A42714791900C75C4F /* StackViewAssembly.swift in Sources */,
				126FA7A72714791900C75C4F /* StackViewPresenter.swift in Sources */,
				126FA7A32714791900C75C4F /* StackViewInteractor.swift in Sources */,
				126FA7BA27147C6F00C75C4F /* CollectionViewInteractor.swift in Sources */,
				126FA7BE27147C6F00C75C4F /* CollectionViewPresenter.swift in Sources */,
				126FA7C42714874600C75C4F /* AlarmView.swift in Sources */,
				126FA7B327147C3900C75C4F /* TableViewAssembly.swift in Sources */,
				126FA7BD27147C6F00C75C4F /* CollectionViewRouter.swift in Sources */,
			);
			runOnlyForDeploymentPostprocessing = 0;
		};
/* End PBXSourcesBuildPhase section */

/* Begin PBXVariantGroup section */
		126FA78E2714739F00C75C4F /* LaunchScreen.storyboard */ = {
			isa = PBXVariantGroup;
			children = (
				126FA78F2714739F00C75C4F /* Base */,
			);
			name = LaunchScreen.storyboard;
			sourceTree = "<group>";
		};
/* End PBXVariantGroup section */

/* Begin XCBuildConfiguration section */
		126FA7922714739F00C75C4F /* Debug */ = {
			isa = XCBuildConfiguration;
			buildSettings = {
				ALWAYS_SEARCH_USER_PATHS = NO;
				CLANG_ANALYZER_NONNULL = YES;
				CLANG_ANALYZER_NUMBER_OBJECT_CONVERSION = YES_AGGRESSIVE;
				CLANG_CXX_LANGUAGE_STANDARD = "gnu++17";
				CLANG_CXX_LIBRARY = "libc++";
				CLANG_ENABLE_MODULES = YES;
				CLANG_ENABLE_OBJC_ARC = YES;
				CLANG_ENABLE_OBJC_WEAK = YES;
				CLANG_WARN_BLOCK_CAPTURE_AUTORELEASING = YES;
				CLANG_WARN_BOOL_CONVERSION = YES;
				CLANG_WARN_COMMA = YES;
				CLANG_WARN_CONSTANT_CONVERSION = YES;
				CLANG_WARN_DEPRECATED_OBJC_IMPLEMENTATIONS = YES;
				CLANG_WARN_DIRECT_OBJC_ISA_USAGE = YES_ERROR;
				CLANG_WARN_DOCUMENTATION_COMMENTS = YES;
				CLANG_WARN_EMPTY_BODY = YES;
				CLANG_WARN_ENUM_CONVERSION = YES;
				CLANG_WARN_INFINITE_RECURSION = YES;
				CLANG_WARN_INT_CONVERSION = YES;
				CLANG_WARN_NON_LITERAL_NULL_CONVERSION = YES;
				CLANG_WARN_OBJC_IMPLICIT_RETAIN_SELF = YES;
				CLANG_WARN_OBJC_LITERAL_CONVERSION = YES;
				CLANG_WARN_OBJC_ROOT_CLASS = YES_ERROR;
				CLANG_WARN_QUOTED_INCLUDE_IN_FRAMEWORK_HEADER = YES;
				CLANG_WARN_RANGE_LOOP_ANALYSIS = YES;
				CLANG_WARN_STRICT_PROTOTYPES = YES;
				CLANG_WARN_SUSPICIOUS_MOVE = YES;
				CLANG_WARN_UNGUARDED_AVAILABILITY = YES_AGGRESSIVE;
				CLANG_WARN_UNREACHABLE_CODE = YES;
				CLANG_WARN__DUPLICATE_METHOD_MATCH = YES;
				COPY_PHASE_STRIP = NO;
				DEBUG_INFORMATION_FORMAT = dwarf;
				ENABLE_STRICT_OBJC_MSGSEND = YES;
				ENABLE_TESTABILITY = YES;
				GCC_C_LANGUAGE_STANDARD = gnu11;
				GCC_DYNAMIC_NO_PIC = NO;
				GCC_NO_COMMON_BLOCKS = YES;
				GCC_OPTIMIZATION_LEVEL = 0;
				GCC_PREPROCESSOR_DEFINITIONS = (
					"DEBUG=1",
					"$(inherited)",
				);
				GCC_WARN_64_TO_32_BIT_CONVERSION = YES;
				GCC_WARN_ABOUT_RETURN_TYPE = YES_ERROR;
				GCC_WARN_UNDECLARED_SELECTOR = YES;
				GCC_WARN_UNINITIALIZED_AUTOS = YES_AGGRESSIVE;
				GCC_WARN_UNUSED_FUNCTION = YES;
				GCC_WARN_UNUSED_VARIABLE = YES;
				IPHONEOS_DEPLOYMENT_TARGET = 15.0;
				MTL_ENABLE_DEBUG_INFO = INCLUDE_SOURCE;
				MTL_FAST_MATH = YES;
				ONLY_ACTIVE_ARCH = YES;
				SDKROOT = iphoneos;
				SWIFT_ACTIVE_COMPILATION_CONDITIONS = DEBUG;
				SWIFT_OPTIMIZATION_LEVEL = "-Onone";
			};
			name = Debug;
		};
		126FA7932714739F00C75C4F /* Release */ = {
			isa = XCBuildConfiguration;
			buildSettings = {
				ALWAYS_SEARCH_USER_PATHS = NO;
				CLANG_ANALYZER_NONNULL = YES;
				CLANG_ANALYZER_NUMBER_OBJECT_CONVERSION = YES_AGGRESSIVE;
				CLANG_CXX_LANGUAGE_STANDARD = "gnu++17";
				CLANG_CXX_LIBRARY = "libc++";
				CLANG_ENABLE_MODULES = YES;
				CLANG_ENABLE_OBJC_ARC = YES;
				CLANG_ENABLE_OBJC_WEAK = YES;
				CLANG_WARN_BLOCK_CAPTURE_AUTORELEASING = YES;
				CLANG_WARN_BOOL_CONVERSION = YES;
				CLANG_WARN_COMMA = YES;
				CLANG_WARN_CONSTANT_CONVERSION = YES;
				CLANG_WARN_DEPRECATED_OBJC_IMPLEMENTATIONS = YES;
				CLANG_WARN_DIRECT_OBJC_ISA_USAGE = YES_ERROR;
				CLANG_WARN_DOCUMENTATION_COMMENTS = YES;
				CLANG_WARN_EMPTY_BODY = YES;
				CLANG_WARN_ENUM_CONVERSION = YES;
				CLANG_WARN_INFINITE_RECURSION = YES;
				CLANG_WARN_INT_CONVERSION = YES;
				CLANG_WARN_NON_LITERAL_NULL_CONVERSION = YES;
				CLANG_WARN_OBJC_IMPLICIT_RETAIN_SELF = YES;
				CLANG_WARN_OBJC_LITERAL_CONVERSION = YES;
				CLANG_WARN_OBJC_ROOT_CLASS = YES_ERROR;
				CLANG_WARN_QUOTED_INCLUDE_IN_FRAMEWORK_HEADER = YES;
				CLANG_WARN_RANGE_LOOP_ANALYSIS = YES;
				CLANG_WARN_STRICT_PROTOTYPES = YES;
				CLANG_WARN_SUSPICIOUS_MOVE = YES;
				CLANG_WARN_UNGUARDED_AVAILABILITY = YES_AGGRESSIVE;
				CLANG_WARN_UNREACHABLE_CODE = YES;
				CLANG_WARN__DUPLICATE_METHOD_MATCH = YES;
				COPY_PHASE_STRIP = NO;
				DEBUG_INFORMATION_FORMAT = "dwarf-with-dsym";
				ENABLE_NS_ASSERTIONS = NO;
				ENABLE_STRICT_OBJC_MSGSEND = YES;
				GCC_C_LANGUAGE_STANDARD = gnu11;
				GCC_NO_COMMON_BLOCKS = YES;
				GCC_WARN_64_TO_32_BIT_CONVERSION = YES;
				GCC_WARN_ABOUT_RETURN_TYPE = YES_ERROR;
				GCC_WARN_UNDECLARED_SELECTOR = YES;
				GCC_WARN_UNINITIALIZED_AUTOS = YES_AGGRESSIVE;
				GCC_WARN_UNUSED_FUNCTION = YES;
				GCC_WARN_UNUSED_VARIABLE = YES;
				IPHONEOS_DEPLOYMENT_TARGET = 15.0;
				MTL_ENABLE_DEBUG_INFO = NO;
				MTL_FAST_MATH = YES;
				SDKROOT = iphoneos;
				SWIFT_COMPILATION_MODE = wholemodule;
				SWIFT_OPTIMIZATION_LEVEL = "-O";
				VALIDATE_PRODUCT = YES;
			};
			name = Release;
		};
		126FA7952714739F00C75C4F /* Debug */ = {
			isa = XCBuildConfiguration;
			buildSettings = {
				ASSETCATALOG_COMPILER_APPICON_NAME = AppIcon;
				ASSETCATALOG_COMPILER_GLOBAL_ACCENT_COLOR_NAME = AccentColor;
				CODE_SIGN_IDENTITY = "Apple Development";
				CODE_SIGN_STYLE = Automatic;
				CURRENT_PROJECT_VERSION = 1;
				DEVELOPMENT_TEAM = MEGQZTHC53;
				GENERATE_INFOPLIST_FILE = YES;
				INFOPLIST_FILE = vkmelnikPW3/Info.plist;
				INFOPLIST_KEY_UIApplicationSupportsIndirectInputEvents = YES;
				INFOPLIST_KEY_UILaunchStoryboardName = LaunchScreen;
				INFOPLIST_KEY_UISupportedInterfaceOrientations_iPad = "UIInterfaceOrientationPortrait UIInterfaceOrientationPortraitUpsideDown UIInterfaceOrientationLandscapeLeft UIInterfaceOrientationLandscapeRight";
				INFOPLIST_KEY_UISupportedInterfaceOrientations_iPhone = "UIInterfaceOrientationPortrait UIInterfaceOrientationLandscapeLeft UIInterfaceOrientationLandscapeRight";
				LD_RUNPATH_SEARCH_PATHS = (
					"$(inherited)",
					"@executable_path/Frameworks",
				);
				MARKETING_VERSION = 1.0;
				PRODUCT_BUNDLE_IDENTIFIER = vkmelnikPW3;
				PRODUCT_NAME = "$(TARGET_NAME)";
				PROVISIONING_PROFILE_SPECIFIER = "";
				SWIFT_EMIT_LOC_STRINGS = YES;
				SWIFT_VERSION = 5.0;
				TARGETED_DEVICE_FAMILY = "1,2";
			};
			name = Debug;
		};
		126FA7962714739F00C75C4F /* Release */ = {
			isa = XCBuildConfiguration;
			buildSettings = {
				ASSETCATALOG_COMPILER_APPICON_NAME = AppIcon;
				ASSETCATALOG_COMPILER_GLOBAL_ACCENT_COLOR_NAME = AccentColor;
				CODE_SIGN_IDENTITY = "Apple Development";
				CODE_SIGN_STYLE = Automatic;
				CURRENT_PROJECT_VERSION = 1;
				DEVELOPMENT_TEAM = MEGQZTHC53;
				GENERATE_INFOPLIST_FILE = YES;
				INFOPLIST_FILE = vkmelnikPW3/Info.plist;
				INFOPLIST_KEY_UIApplicationSupportsIndirectInputEvents = YES;
				INFOPLIST_KEY_UILaunchStoryboardName = LaunchScreen;
				INFOPLIST_KEY_UISupportedInterfaceOrientations_iPad = "UIInterfaceOrientationPortrait UIInterfaceOrientationPortraitUpsideDown UIInterfaceOrientationLandscapeLeft UIInterfaceOrientationLandscapeRight";
				INFOPLIST_KEY_UISupportedInterfaceOrientations_iPhone = "UIInterfaceOrientationPortrait UIInterfaceOrientationLandscapeLeft UIInterfaceOrientationLandscapeRight";
				LD_RUNPATH_SEARCH_PATHS = (
					"$(inherited)",
					"@executable_path/Frameworks",
				);
				MARKETING_VERSION = 1.0;
				PRODUCT_BUNDLE_IDENTIFIER = vkmelnikPW3;
				PRODUCT_NAME = "$(TARGET_NAME)";
				PROVISIONING_PROFILE_SPECIFIER = "";
				SWIFT_EMIT_LOC_STRINGS = YES;
				SWIFT_VERSION = 5.0;
				TARGETED_DEVICE_FAMILY = "1,2";
			};
			name = Release;
		};
/* End XCBuildConfiguration section */

/* Begin XCConfigurationList section */
		126FA77B2714739D00C75C4F /* Build configuration list for PBXProject "vkmelnikPW3" */ = {
			isa = XCConfigurationList;
			buildConfigurations = (
				126FA7922714739F00C75C4F /* Debug */,
				126FA7932714739F00C75C4F /* Release */,
			);
			defaultConfigurationIsVisible = 0;
			defaultConfigurationName = Release;
		};
		126FA7942714739F00C75C4F /* Build configuration list for PBXNativeTarget "vkmelnikPW3" */ = {
			isa = XCConfigurationList;
			buildConfigurations = (
				126FA7952714739F00C75C4F /* Debug */,
				126FA7962714739F00C75C4F /* Release */,
			);
			defaultConfigurationIsVisible = 0;
			defaultConfigurationName = Release;
		};
/* End XCConfigurationList section */
	};
	rootObject = 126FA7782714739D00C75C4F /* Project object */;
}
